<?xml version="1.0" encoding="utf-8"?>
<Project ToolsVersion="4.0" xmlns="http://schemas.microsoft.com/developer/msbuild/2003">
  <ItemGroup>
    <Filter Include="Source Files">
      <UniqueIdentifier>{4FC737F1-C7A5-4376-A066-2A32D752A2FF}</UniqueIdentifier>
      <Extensions>cpp;c;cc;cxx;c++;cppm;ixx;def;odl;idl;hpj;bat;asm;asmx</Extensions>
    </Filter>
    <Filter Include="Header Files">
      <UniqueIdentifier>{93995380-89BD-4b04-88EB-625FBE52EBFB}</UniqueIdentifier>
      <Extensions>h;hh;hpp;hxx;h++;hm;inl;inc;ipp;xsd</Extensions>
    </Filter>
    <Filter Include="Resource Files">
      <UniqueIdentifier>{67DA6AB6-F800-4c08-8B7A-83BB121AAD01}</UniqueIdentifier>
      <Extensions>rc;ico;cur;bmp;dlg;rc2;rct;bin;rgs;gif;jpg;jpeg;jpe;resx;tiff;tif;png;wav;mfcribbon-ms</Extensions>
    </Filter>
    <Filter Include="Header Files\Items">
      <UniqueIdentifier>{f68b3a7b-0499-4a86-99bc-9e46ad75b8d4}</UniqueIdentifier>
    </Filter>
    <Filter Include="Header Files\Spells">
      <UniqueIdentifier>{73ed4a53-0cc1-4931-b774-25690fd95bf4}</UniqueIdentifier>
    </Filter>
    <Filter Include="Header Files\Rooms">
      <UniqueIdentifier>{63515075-5c34-4099-91c5-3b4c23caa1ac}</UniqueIdentifier>
    </Filter>
    <Filter Include="Header Files\Rooms\Entities">
      <UniqueIdentifier>{67e67643-83c3-4274-a837-65a54554468f}</UniqueIdentifier>
    </Filter>
  </ItemGroup>
  <ItemGroup>
    <ClCompile Include="Twine.cpp">
      <Filter>Source Files</Filter>
    </ClCompile>
    <ClCompile Include="entrymain.cpp">
      <Filter>Source Files</Filter>
    </ClCompile>
    <ClCompile Include="Item.cpp">
      <Filter>Source Files</Filter>
    </ClCompile>
    <ClCompile Include="Candle.cpp">
      <Filter>Source Files</Filter>
    </ClCompile>
    <ClCompile Include="Player.cpp">
      <Filter>Source Files</Filter>
    </ClCompile>
    <ClCompile Include="Room.cpp">
      <Filter>Source Files</Filter>
    </ClCompile>
    <ClCompile Include="Game.cpp">
      <Filter>Source Files</Filter>
    </ClCompile>
    <ClCompile Include="Spool.cpp">
      <Filter>Source Files</Filter>
    </ClCompile>
    <ClCompile Include="Spell.cpp">
      <Filter>Source Files</Filter>
    </ClCompile>
    <ClCompile Include="Entity.cpp">
      <Filter>Source Files</Filter>
    </ClCompile>
  </ItemGroup>
  <ItemGroup>
    <ClInclude Include="Twine.h">
      <Filter>Header Files</Filter>
    </ClInclude>
    <ClInclude Include="Player.h">
      <Filter>Header Files</Filter>
    </ClInclude>
    <ClInclude Include="Game.h">
      <Filter>Header Files</Filter>
    </ClInclude>
    <ClInclude Include="Spool.h">
      <Filter>Header Files</Filter>
    </ClInclude>
    <ClInclude Include="Candle.h">
      <Filter>Header Files\Items</Filter>
    </ClInclude>
    <ClInclude Include="Item.h">
      <Filter>Header Files\Items</Filter>
    </ClInclude>
    <ClInclude Include="Spell.h">
      <Filter>Header Files\Spells</Filter>
    </ClInclude>
    <ClInclude Include="Room.h">
      <Filter>Header Files\Rooms</Filter>
    </ClInclude>
    <ClInclude Include="Kitchen.h">
      <Filter>Header Files\Rooms</Filter>
    </ClInclude>
    <ClInclude Include="Library.h">
      <Filter>Header Files\Rooms</Filter>
    </ClInclude>
    <ClInclude Include="Stats.h">
      <Filter>Header Files</Filter>
    </ClInclude>
    <ClInclude Include="Dining1.h">
      <Filter>Header Files\Rooms</Filter>
    </ClInclude>
    <ClInclude Include="Entity.h">
      <Filter>Header Files\Rooms\Entities</Filter>
    </ClInclude>
    <ClInclude Include="Roll.h">
      <Filter>Header Files</Filter>
    </ClInclude>
    <ClInclude Include="Dining2.h">
      <Filter>Header Files\Rooms</Filter>
    </ClInclude>
  </ItemGroup>
</Project>